{
  "name": "memerguySiteGithub",
  "lockfileVersion": 3,
  "requires": true,
  "packages": {
    "": {
      "dependencies": {
        "7.css": "^0.16.0"
      }
    },
    "node_modules/7.css": {
      "version": "0.16.0",
      "resolved": "https://registry.npmjs.org/7.css/-/7.css-0.16.0.tgz",
      "integrity": "sha512-qZleAhXgVqtAc8Wb4mAJRczbGBcUMv6i2wNogXzHgf9Dztky0CqrehWOJtzU05tMw9a9xLeyvumnJeD+WjLiNQ=="
    }
  }
}
